// !$*UTF8*$!
{
	archiveVersion = 1;
	classes = {
	};
	objectVersion = 46;
	objects = {

/* Begin PBXBuildFile section */
		1C7A0DF115462BE5000B98D2 /* HeadSoundPlayer.m in Sources */ = {isa = PBXBuildFile; fileRef = 1C7A0DF015462BE5000B98D2 /* HeadSoundPlayer.m */; };
		1C7A0DF415462F0F000B98D2 /* HeadViewController.m in Sources */ = {isa = PBXBuildFile; fileRef = 1C7A0DF315462F0F000B98D2 /* HeadViewController.m */; };
		1C86694B15464E3B0081B3FF /* sounds in Resources */ = {isa = PBXBuildFile; fileRef = 1C86694A15464E3B0081B3FF /* sounds */; };
		1C86694D154651790081B3FF /* AVFoundation.framework in Frameworks */ = {isa = PBXBuildFile; fileRef = 1C86694C154651790081B3FF /* AVFoundation.framework */; };
		1CFED7F01544C07B00DB3701 /* UIKit.framework in Frameworks */ = {isa = PBXBuildFile; fileRef = 1CFED7EF1544C07B00DB3701 /* UIKit.framework */; };
		1CFED7F21544C07B00DB3701 /* Foundation.framework in Frameworks */ = {isa = PBXBuildFile; fileRef = 1CFED7F11544C07B00DB3701 /* Foundation.framework */; };
		1CFED7F41544C07B00DB3701 /* CoreGraphics.framework in Frameworks */ = {isa = PBXBuildFile; fileRef = 1CFED7F31544C07B00DB3701 /* CoreGraphics.framework */; };
		1CFED7FA1544C07B00DB3701 /* InfoPlist.strings in Resources */ = {isa = PBXBuildFile; fileRef = 1CFED7F81544C07B00DB3701 /* InfoPlist.strings */; };
		1CFED7FC1544C07B00DB3701 /* main.m in Sources */ = {isa = PBXBuildFile; fileRef = 1CFED7FB1544C07B00DB3701 /* main.m */; };
		1CFED8001544C07B00DB3701 /* AppDelegate.m in Sources */ = {isa = PBXBuildFile; fileRef = 1CFED7FF1544C07B00DB3701 /* AppDelegate.m */; };
		1CFED8171544CA8D00DB3701 /* HeadView.m in Sources */ = {isa = PBXBuildFile; fileRef = 1CFED8161544CA8D00DB3701 /* HeadView.m */; };
		1CFED8191544CE5B00DB3701 /* images in Resources */ = {isa = PBXBuildFile; fileRef = 1CFED8181544CE5B00DB3701 /* images */; };
		427D7491155C7D0400408DFD /* MenuViewController.m in Sources */ = {isa = PBXBuildFile; fileRef = 427D7490155C7D0400408DFD /* MenuViewController.m */; };
		427D7495155C860200408DFD /* SpaceViewController.m in Sources */ = {isa = PBXBuildFile; fileRef = 427D7494155C860200408DFD /* SpaceViewController.m */; };
		427D749C155C904500408DFD /* MainViewController.m in Sources */ = {isa = PBXBuildFile; fileRef = 427D749B155C904500408DFD /* MainViewController.m */; };
		427D74AF155F1FEF00408DFD /* MusicPlayer.m in Sources */ = {isa = PBXBuildFile; fileRef = 427D74AE155F1FEF00408DFD /* MusicPlayer.m */; };
		9511EB3C154A08ED0024CB84 /* AsteroidView.m in Sources */ = {isa = PBXBuildFile; fileRef = 9511EB3B154A08ED0024CB84 /* AsteroidView.m */; };
		9511EB40154A090A0024CB84 /* AsteroidViewController.m in Sources */ = {isa = PBXBuildFile; fileRef = 9511EB3F154A090A0024CB84 /* AsteroidViewController.m */; };
/* End PBXBuildFile section */

/* Begin PBXFileReference section */
		1C7A0DEF15462BE5000B98D2 /* HeadSoundPlayer.h */ = {isa = PBXFileReference; fileEncoding = 4; lastKnownFileType = sourcecode.c.h; path = HeadSoundPlayer.h; sourceTree = "<group>"; };
		1C7A0DF015462BE5000B98D2 /* HeadSoundPlayer.m */ = {isa = PBXFileReference; fileEncoding = 4; lastKnownFileType = sourcecode.c.objc; path = HeadSoundPlayer.m; sourceTree = "<group>"; };
		1C7A0DF215462F0F000B98D2 /* HeadViewController.h */ = {isa = PBXFileReference; fileEncoding = 4; lastKnownFileType = sourcecode.c.h; path = HeadViewController.h; sourceTree = "<group>"; };
		1C7A0DF315462F0F000B98D2 /* HeadViewController.m */ = {isa = PBXFileReference; fileEncoding = 4; lastKnownFileType = sourcecode.c.objc; path = HeadViewController.m; sourceTree = "<group>"; };
		1C86694A15464E3B0081B3FF /* sounds */ = {isa = PBXFileReference; lastKnownFileType = folder; path = sounds; sourceTree = SOURCE_ROOT; };
		1C86694C154651790081B3FF /* AVFoundation.framework */ = {isa = PBXFileReference; lastKnownFileType = wrapper.framework; name = AVFoundation.framework; path = System/Library/Frameworks/AVFoundation.framework; sourceTree = SDKROOT; };
		1CFED7EB1544C07B00DB3701 /* Apr26.app */ = {isa = PBXFileReference; explicitFileType = wrapper.application; includeInIndex = 0; path = Apr26.app; sourceTree = BUILT_PRODUCTS_DIR; };
		1CFED7EF1544C07B00DB3701 /* UIKit.framework */ = {isa = PBXFileReference; lastKnownFileType = wrapper.framework; name = UIKit.framework; path = System/Library/Frameworks/UIKit.framework; sourceTree = SDKROOT; };
		1CFED7F11544C07B00DB3701 /* Foundation.framework */ = {isa = PBXFileReference; lastKnownFileType = wrapper.framework; name = Foundation.framework; path = System/Library/Frameworks/Foundation.framework; sourceTree = SDKROOT; };
		1CFED7F31544C07B00DB3701 /* CoreGraphics.framework */ = {isa = PBXFileReference; lastKnownFileType = wrapper.framework; name = CoreGraphics.framework; path = System/Library/Frameworks/CoreGraphics.framework; sourceTree = SDKROOT; };
		1CFED7F71544C07B00DB3701 /* Apr26-Info.plist */ = {isa = PBXFileReference; lastKnownFileType = text.plist.xml; path = "Apr26-Info.plist"; sourceTree = "<group>"; };
		1CFED7F91544C07B00DB3701 /* en */ = {isa = PBXFileReference; lastKnownFileType = text.plist.strings; name = en; path = en.lproj/InfoPlist.strings; sourceTree = "<group>"; };
		1CFED7FB1544C07B00DB3701 /* main.m */ = {isa = PBXFileReference; lastKnownFileType = sourcecode.c.objc; path = main.m; sourceTree = "<group>"; };
		1CFED7FD1544C07B00DB3701 /* Apr26-Prefix.pch */ = {isa = PBXFileReference; lastKnownFileType = sourcecode.c.h; path = "Apr26-Prefix.pch"; sourceTree = "<group>"; };
		1CFED7FE1544C07B00DB3701 /* AppDelegate.h */ = {isa = PBXFileReference; lastKnownFileType = sourcecode.c.h; path = AppDelegate.h; sourceTree = "<group>"; };
		1CFED7FF1544C07B00DB3701 /* AppDelegate.m */ = {isa = PBXFileReference; lastKnownFileType = sourcecode.c.objc; path = AppDelegate.m; sourceTree = "<group>"; };
		1CFED8151544CA8D00DB3701 /* HeadView.h */ = {isa = PBXFileReference; fileEncoding = 4; lastKnownFileType = sourcecode.c.h; path = HeadView.h; sourceTree = "<group>"; };
		1CFED8161544CA8D00DB3701 /* HeadView.m */ = {isa = PBXFileReference; fileEncoding = 4; lastKnownFileType = sourcecode.c.objc; path = HeadView.m; sourceTree = "<group>"; };
		1CFED8181544CE5B00DB3701 /* images */ = {isa = PBXFileReference; lastKnownFileType = folder; path = images; sourceTree = SOURCE_ROOT; };
		427D748F155C7D0400408DFD /* MenuViewController.h */ = {isa = PBXFileReference; fileEncoding = 4; lastKnownFileType = sourcecode.c.h; path = MenuViewController.h; sourceTree = "<group>"; };
		427D7490155C7D0400408DFD /* MenuViewController.m */ = {isa = PBXFileReference; fileEncoding = 4; lastKnownFileType = sourcecode.c.objc; path = MenuViewController.m; sourceTree = "<group>"; };
		427D7493155C860200408DFD /* SpaceViewController.h */ = {isa = PBXFileReference; fileEncoding = 4; lastKnownFileType = sourcecode.c.h; path = SpaceViewController.h; sourceTree = "<group>"; };
		427D7494155C860200408DFD /* SpaceViewController.m */ = {isa = PBXFileReference; fileEncoding = 4; lastKnownFileType = sourcecode.c.objc; path = SpaceViewController.m; sourceTree = "<group>"; };
		427D749A155C904500408DFD /* MainViewController.h */ = {isa = PBXFileReference; fileEncoding = 4; lastKnownFileType = sourcecode.c.h; path = MainViewController.h; sourceTree = "<group>"; };
		427D749B155C904500408DFD /* MainViewController.m */ = {isa = PBXFileReference; fileEncoding = 4; lastKnownFileType = sourcecode.c.objc; path = MainViewController.m; sourceTree = "<group>"; };
		427D74AD155F1FEF00408DFD /* MusicPlayer.h */ = {isa = PBXFileReference; fileEncoding = 4; lastKnownFileType = sourcecode.c.h; path = MusicPlayer.h; sourceTree = "<group>"; };
		427D74AE155F1FEF00408DFD /* MusicPlayer.m */ = {isa = PBXFileReference; fileEncoding = 4; lastKnownFileType = sourcecode.c.objc; path = MusicPlayer.m; sourceTree = "<group>"; };
		9511EB3A154A08ED0024CB84 /* AsteroidView.h */ = {isa = PBXFileReference; fileEncoding = 4; lastKnownFileType = sourcecode.c.h; path = AsteroidView.h; sourceTree = "<group>"; };
		9511EB3B154A08ED0024CB84 /* AsteroidView.m */ = {isa = PBXFileReference; fileEncoding = 4; lastKnownFileType = sourcecode.c.objc; path = AsteroidView.m; sourceTree = "<group>"; };
		9511EB3E154A090A0024CB84 /* AsteroidViewController.h */ = {isa = PBXFileReference; fileEncoding = 4; lastKnownFileType = sourcecode.c.h; path = AsteroidViewController.h; sourceTree = "<group>"; };
		9511EB3F154A090A0024CB84 /* AsteroidViewController.m */ = {isa = PBXFileReference; fileEncoding = 4; lastKnownFileType = sourcecode.c.objc; path = AsteroidViewController.m; sourceTree = "<group>"; };
/* End PBXFileReference section */

/* Begin PBXFrameworksBuildPhase section */
		1CFED7E81544C07B00DB3701 /* Frameworks */ = {
			isa = PBXFrameworksBuildPhase;
			buildActionMask = 2147483647;
			files = (
				1C86694D154651790081B3FF /* AVFoundation.framework in Frameworks */,
				1CFED7F01544C07B00DB3701 /* UIKit.framework in Frameworks */,
				1CFED7F21544C07B00DB3701 /* Foundation.framework in Frameworks */,
				1CFED7F41544C07B00DB3701 /* CoreGraphics.framework in Frameworks */,
			);
			runOnlyForDeploymentPostprocessing = 0;
		};
/* End PBXFrameworksBuildPhase section */

/* Begin PBXGroup section */
		1CFED7E01544C07B00DB3701 = {
			isa = PBXGroup;
			children = (
				1C86694C154651790081B3FF /* AVFoundation.framework */,
				1CFED7F51544C07B00DB3701 /* Apr26 */,
				1CFED7EE1544C07B00DB3701 /* Frameworks */,
				1CFED7EC1544C07B00DB3701 /* Products */,
			);
			sourceTree = "<group>";
		};
		1CFED7EC1544C07B00DB3701 /* Products */ = {
			isa = PBXGroup;
			children = (
				1CFED7EB1544C07B00DB3701 /* Apr26.app */,
			);
			name = Products;
			sourceTree = "<group>";
		};
		1CFED7EE1544C07B00DB3701 /* Frameworks */ = {
			isa = PBXGroup;
			children = (
				1CFED7EF1544C07B00DB3701 /* UIKit.framework */,
				1CFED7F11544C07B00DB3701 /* Foundation.framework */,
				1CFED7F31544C07B00DB3701 /* CoreGraphics.framework */,
			);
			name = Frameworks;
			sourceTree = "<group>";
		};
		1CFED7F51544C07B00DB3701 /* Apr26 */ = {
			isa = PBXGroup;
			children = (
				1CFED7FE1544C07B00DB3701 /* AppDelegate.h */,
				1CFED7FF1544C07B00DB3701 /* AppDelegate.m */,
				1CFED7F61544C07B00DB3701 /* Supporting Files */,
				1CFED8151544CA8D00DB3701 /* HeadView.h */,
				1CFED8161544CA8D00DB3701 /* HeadView.m */,
				1C7A0DEF15462BE5000B98D2 /* HeadSoundPlayer.h */,
				1C7A0DF015462BE5000B98D2 /* HeadSoundPlayer.m */,
				1C7A0DF215462F0F000B98D2 /* HeadViewController.h */,
				1C7A0DF315462F0F000B98D2 /* HeadViewController.m */,
				9511EB3A154A08ED0024CB84 /* AsteroidView.h */,
				9511EB3B154A08ED0024CB84 /* AsteroidView.m */,
				9511EB3E154A090A0024CB84 /* AsteroidViewController.h */,
				9511EB3F154A090A0024CB84 /* AsteroidViewController.m */,
				427D748F155C7D0400408DFD /* MenuViewController.h */,
				427D7490155C7D0400408DFD /* MenuViewController.m */,
				427D7493155C860200408DFD /* SpaceViewController.h */,
				427D7494155C860200408DFD /* SpaceViewController.m */,
				427D749A155C904500408DFD /* MainViewController.h */,
				427D749B155C904500408DFD /* MainViewController.m */,
				427D74AD155F1FEF00408DFD /* MusicPlayer.h */,
				427D74AE155F1FEF00408DFD /* MusicPlayer.m */,
			);
			path = Apr26;
			sourceTree = "<group>";
		};
		1CFED7F61544C07B00DB3701 /* Supporting Files */ = {
			isa = PBXGroup;
			children = (
				1C86694A15464E3B0081B3FF /* sounds */,
				1CFED8181544CE5B00DB3701 /* images */,
				1CFED7F71544C07B00DB3701 /* Apr26-Info.plist */,
				1CFED7F81544C07B00DB3701 /* InfoPlist.strings */,
				1CFED7FB1544C07B00DB3701 /* main.m */,
				1CFED7FD1544C07B00DB3701 /* Apr26-Prefix.pch */,
			);
			name = "Supporting Files";
			sourceTree = "<group>";
		};
/* End PBXGroup section */

/* Begin PBXNativeTarget section */
		1CFED7EA1544C07B00DB3701 /* Apr26 */ = {
			isa = PBXNativeTarget;
			buildConfigurationList = 1CFED8031544C07B00DB3701 /* Build configuration list for PBXNativeTarget "Apr26" */;
			buildPhases = (
				1CFED7E71544C07B00DB3701 /* Sources */,
				1CFED7E81544C07B00DB3701 /* Frameworks */,
				1CFED7E91544C07B00DB3701 /* Resources */,
			);
			buildRules = (
			);
			dependencies = (
			);
			name = Apr26;
			productName = Apr26;
			productReference = 1CFED7EB1544C07B00DB3701 /* Apr26.app */;
			productType = "com.apple.product-type.application";
		};
/* End PBXNativeTarget section */

/* Begin PBXProject section */
		1CFED7E21544C07B00DB3701 /* Project object */ = {
			isa = PBXProject;
			attributes = {
				LastUpgradeCheck = 0430;
			};
			buildConfigurationList = 1CFED7E51544C07B00DB3701 /* Build configuration list for PBXProject "Apr26" */;
			compatibilityVersion = "Xcode 3.2";
			developmentRegion = English;
			hasScannedForEncodings = 0;
			knownRegions = (
				en,
			);
			mainGroup = 1CFED7E01544C07B00DB3701;
			productRefGroup = 1CFED7EC1544C07B00DB3701 /* Products */;
			projectDirPath = "";
			projectRoot = "";
			targets = (
				1CFED7EA1544C07B00DB3701 /* Apr26 */,
			);
		};
/* End PBXProject section */

/* Begin PBXResourcesBuildPhase section */
		1CFED7E91544C07B00DB3701 /* Resources */ = {
			isa = PBXResourcesBuildPhase;
			buildActionMask = 2147483647;
			files = (
				1CFED7FA1544C07B00DB3701 /* InfoPlist.strings in Resources */,
				1CFED8191544CE5B00DB3701 /* images in Resources */,
				1C86694B15464E3B0081B3FF /* sounds in Resources */,
			);
			runOnlyForDeploymentPostprocessing = 0;
		};
/* End PBXResourcesBuildPhase section */

/* Begin PBXSourcesBuildPhase section */
		1CFED7E71544C07B00DB3701 /* Sources */ = {
			isa = PBXSourcesBuildPhase;
			buildActionMask = 2147483647;
			files = (
				1CFED7FC1544C07B00DB3701 /* main.m in Sources */,
				1CFED8001544C07B00DB3701 /* AppDelegate.m in Sources */,
				1CFED8171544CA8D00DB3701 /* HeadView.m in Sources */,
				1C7A0DF115462BE5000B98D2 /* HeadSoundPlayer.m in Sources */,
				1C7A0DF415462F0F000B98D2 /* HeadViewController.m in Sources */,
				9511EB3C154A08ED0024CB84 /* AsteroidView.m in Sources */,
				9511EB40154A090A0024CB84 /* AsteroidViewController.m in Sources */,
				427D7491155C7D0400408DFD /* MenuViewController.m in Sources */,
				427D7495155C860200408DFD /* SpaceViewController.m in Sources */,
				427D749C155C904500408DFD /* MainViewController.m in Sources */,
				427D74AF155F1FEF00408DFD /* MusicPlayer.m in Sources */,
			);
			runOnlyForDeploymentPostprocessing = 0;
		};
/* End PBXSourcesBuildPhase section */

/* Begin PBXVariantGroup section */
		1CFED7F81544C07B00DB3701 /* InfoPlist.strings */ = {
			isa = PBXVariantGroup;
			children = (
				1CFED7F91544C07B00DB3701 /* en */,
			);
			name = InfoPlist.strings;
			sourceTree = "<group>";
		};
/* End PBXVariantGroup section */

/* Begin XCBuildConfiguration section */
		1CFED8011544C07B00DB3701 /* Debug */ = {
			isa = XCBuildConfiguration;
			buildSettings = {
				ALWAYS_SEARCH_USER_PATHS = NO;
				ARCHS = "$(ARCHS_STANDARD_32_BIT)";
				CLANG_ENABLE_OBJC_ARC = YES;
				"CODE_SIGN_IDENTITY[sdk=iphoneos*]" = "iPhone Developer";
				COPY_PHASE_STRIP = NO;
				GCC_C_LANGUAGE_STANDARD = gnu99;
				GCC_DYNAMIC_NO_PIC = NO;
				GCC_OPTIMIZATION_LEVEL = 0;
				GCC_PREPROCESSOR_DEFINITIONS = (
					"DEBUG=1",
					"$(inherited)",
				);
				GCC_SYMBOLS_PRIVATE_EXTERN = NO;
				GCC_VERSION = com.apple.compilers.llvm.clang.1_0;
				GCC_WARN_ABOUT_RETURN_TYPE = YES;
				GCC_WARN_UNINITIALIZED_AUTOS = YES;
				GCC_WARN_UNUSED_VARIABLE = YES;
				IPHONEOS_DEPLOYMENT_TARGET = 5.1;
				SDKROOT = iphoneos;
			};
			name = Debug;
		};
		1CFED8021544C07B00DB3701 /* Release */ = {
			isa = XCBuildConfiguration;
			buildSettings = {
				ALWAYS_SEARCH_USER_PATHS = NO;
				ARCHS = "$(ARCHS_STANDARD_32_BIT)";
				CLANG_ENABLE_OBJC_ARC = YES;
				"CODE_SIGN_IDENTITY[sdk=iphoneos*]" = "iPhone Developer";
				COPY_PHASE_STRIP = YES;
				GCC_C_LANGUAGE_STANDARD = gnu99;
				GCC_VERSION = com.apple.compilers.llvm.clang.1_0;
				GCC_WARN_ABOUT_RETURN_TYPE = YES;
				GCC_WARN_UNINITIALIZED_AUTOS = YES;
				GCC_WARN_UNUSED_VARIABLE = YES;
				IPHONEOS_DEPLOYMENT_TARGET = 5.1;
				OTHER_CFLAGS = "-DNS_BLOCK_ASSERTIONS=1";
				SDKROOT = iphoneos;
				VALIDATE_PRODUCT = YES;
			};
			name = Release;
		};
		1CFED8041544C07B00DB3701 /* Debug */ = {
			isa = XCBuildConfiguration;
			buildSettings = {
				GCC_PRECOMPILE_PREFIX_HEADER = YES;
				GCC_PREFIX_HEADER = "Apr26/Apr26-Prefix.pch";
				INFOPLIST_FILE = "Apr26/Apr26-Info.plist";
				IPHONEOS_DEPLOYMENT_TARGET = 5.0;
				PRODUCT_NAME = "$(TARGET_NAME)";
				WRAPPER_EXTENSION = app;
			};
			name = Debug;
		};
		1CFED8051544C07B00DB3701 /* Release */ = {
			isa = XCBuildConfiguration;
			buildSettings = {
				GCC_PRECOMPILE_PREFIX_HEADER = YES;
				GCC_PREFIX_HEADER = "Apr26/Apr26-Prefix.pch";
				INFOPLIST_FILE = "Apr26/Apr26-Info.plist";
				IPHONEOS_DEPLOYMENT_TARGET = 5.0;
				PRODUCT_NAME = "$(TARGET_NAME)";
				WRAPPER_EXTENSION = app;
			};
			name = Release;
		};
/* End XCBuildConfiguration section */

/* Begin XCConfigurationList section */
		1CFED7E51544C07B00DB3701 /* Build configuration list for PBXProject "Apr26" */ = {
			isa = XCConfigurationList;
			buildConfigurations = (
				1CFED8011544C07B00DB3701 /* Debug */,
				1CFED8021544C07B00DB3701 /* Release */,
			);
			defaultConfigurationIsVisible = 0;
			defaultConfigurationName = Release;
		};
		1CFED8031544C07B00DB3701 /* Build configuration list for PBXNativeTarget "Apr26" */ = {
			isa = XCConfigurationList;
			buildConfigurations = (
				1CFED8041544C07B00DB3701 /* Debug */,
				1CFED8051544C07B00DB3701 /* Release */,
			);
			defaultConfigurationIsVisible = 0;
			defaultConfigurationName = Release;
		};
/* End XCConfigurationList section */
	};
	rootObject = 1CFED7E21544C07B00DB3701 /* Project object */;
}
